
Microsoft Visual Studio Solution File, Format Version 12.00
# Visual Studio Version 17
VisualStudioVersion = 17.11.35222.181
MinimumVisualStudioVersion = 10.0.40219.1
Project("{9A19103F-16F7-4668-BE54-9A1E7A4F7556}") = "PatientMicroservice", "PatientMicroservice\PatientMicroservice.csproj", "{C8DEE1F3-9C00-4934-96D5-CF78452CCA95}"
EndProject
Project("{E53339B2-1760-4266-BCC7-CA923CBCF16C}") = "docker-compose", "docker-compose.dcproj", "{968B9587-5853-4E21-9521-FEA84EC29443}"
EndProject
Project("{9A19103F-16F7-4668-BE54-9A1E7A4F7556}") = "NotesMicroservice", "NotesMicroservice\NotesMicroservice.csproj", "{75809D43-F80B-450C-9BB2-6256A539326E}"
EndProject
Project("{9A19103F-16F7-4668-BE54-9A1E7A4F7556}") = "ReportMicroservice", "ReportMicroservice\ReportMicroservice.csproj", "{67B49A00-D0E0-48FD-BF17-CE16D5EA1B83}"
EndProject
Project("{FAE04EC0-301F-11D3-BF4B-00C04F79EFBC}") = "TestProject", "TestProject\TestProject.csproj", "{420D6136-AC43-4C27-AC14-DF2075952D65}"
EndProject
Global
	GlobalSection(SolutionConfigurationPlatforms) = preSolution
		Debug|Any CPU = Debug|Any CPU
		Release|Any CPU = Release|Any CPU
	EndGlobalSection
	GlobalSection(ProjectConfigurationPlatforms) = postSolution
		{C8DEE1F3-9C00-4934-96D5-CF78452CCA95}.Debug|Any CPU.ActiveCfg = Debug|Any CPU
		{C8DEE1F3-9C00-4934-96D5-CF78452CCA95}.Debug|Any CPU.Build.0 = Debug|Any CPU
		{C8DEE1F3-9C00-4934-96D5-CF78452CCA95}.Release|Any CPU.ActiveCfg = Release|Any CPU
		{C8DEE1F3-9C00-4934-96D5-CF78452CCA95}.Release|Any CPU.Build.0 = Release|Any CPU
		{968B9587-5853-4E21-9521-FEA84EC29443}.Debug|Any CPU.ActiveCfg = Debug|Any CPU
		{968B9587-5853-4E21-9521-FEA84EC29443}.Debug|Any CPU.Build.0 = Debug|Any CPU
		{968B9587-5853-4E21-9521-FEA84EC29443}.Release|Any CPU.ActiveCfg = Release|Any CPU
		{968B9587-5853-4E21-9521-FEA84EC29443}.Release|Any CPU.Build.0 = Release|Any CPU
		{75809D43-F80B-450C-9BB2-6256A539326E}.Debug|Any CPU.ActiveCfg = Debug|Any CPU
		{75809D43-F80B-450C-9BB2-6256A539326E}.Debug|Any CPU.Build.0 = Debug|Any CPU
		{75809D43-F80B-450C-9BB2-6256A539326E}.Release|Any CPU.ActiveCfg = Release|Any CPU
		{75809D43-F80B-450C-9BB2-6256A539326E}.Release|Any CPU.Build.0 = Release|Any CPU
		{67B49A00-D0E0-48FD-BF17-CE16D5EA1B83}.Debug|Any CPU.ActiveCfg = Debug|Any CPU
		{67B49A00-D0E0-48FD-BF17-CE16D5EA1B83}.Debug|Any CPU.Build.0 = Debug|Any CPU
		{67B49A00-D0E0-48FD-BF17-CE16D5EA1B83}.Release|Any CPU.ActiveCfg = Release|Any CPU
		{67B49A00-D0E0-48FD-BF17-CE16D5EA1B83}.Release|Any CPU.Build.0 = Release|Any CPU
		{420D6136-AC43-4C27-AC14-DF2075952D65}.Debug|Any CPU.ActiveCfg = Debug|Any CPU
		{420D6136-AC43-4C27-AC14-DF2075952D65}.Debug|Any CPU.Build.0 = Debug|Any CPU
		{420D6136-AC43-4C27-AC14-DF2075952D65}.Release|Any CPU.ActiveCfg = Release|Any CPU
		{420D6136-AC43-4C27-AC14-DF2075952D65}.Release|Any CPU.Build.0 = Release|Any CPU
	EndGlobalSection
	GlobalSection(SolutionProperties) = preSolution
		HideSolutionNode = FALSE
	EndGlobalSection
	GlobalSection(ExtensibilityGlobals) = postSolution
		SolutionGuid = {BD5BF3F6-92F9-4F7C-96FB-4CDDBE43F275}
	EndGlobalSection
EndGlobal
